// !$*UTF8*$!
{
	archiveVersion = 1;
	classes = {
	};
	objectVersion = 55;
	objects = {

/* Begin PBXBuildFile section */
		CD5CF5812926519900597864 /* APICaller.swift in Sources */ = {isa = PBXBuildFile; fileRef = CD5CF5802926519900597864 /* APICaller.swift */; };
		CD5CF583292655A100597864 /* MediaObject.swift in Sources */ = {isa = PBXBuildFile; fileRef = CD5CF582292655A100597864 /* MediaObject.swift */; };
		CD5CF5852926598800597864 /* Extensions.swift in Sources */ = {isa = PBXBuildFile; fileRef = CD5CF5842926598800597864 /* Extensions.swift */; };
		CD5CF589292669F400597864 /* TitleCollectionViewCell.swift in Sources */ = {isa = PBXBuildFile; fileRef = CD5CF588292669F400597864 /* TitleCollectionViewCell.swift */; };
		CD5CF58C29266B9D00597864 /* SDWebImage in Frameworks */ = {isa = PBXBuildFile; productRef = CD5CF58B29266B9D00597864 /* SDWebImage */; };
		CD5CF58E29266B9D00597864 /* SDWebImageMapKit in Frameworks */ = {isa = PBXBuildFile; productRef = CD5CF58D29266B9D00597864 /* SDWebImageMapKit */; };
		CD6807322927EB8900C51379 /* MovieTableViewCell.swift in Sources */ = {isa = PBXBuildFile; fileRef = CD6807312927EB8900C51379 /* MovieTableViewCell.swift */; };
		CD6807342928106E00C51379 /* MovieViewModel.swift in Sources */ = {isa = PBXBuildFile; fileRef = CD6807332928106E00C51379 /* MovieViewModel.swift */; };
		CD680736292819E900C51379 /* SearchResultsViewController.swift in Sources */ = {isa = PBXBuildFile; fileRef = CD680735292819E900C51379 /* SearchResultsViewController.swift */; };
		CDBECD942922396A003243AE /* AppDelegate.swift in Sources */ = {isa = PBXBuildFile; fileRef = CDBECD932922396A003243AE /* AppDelegate.swift */; };
		CDBECD962922396A003243AE /* SceneDelegate.swift in Sources */ = {isa = PBXBuildFile; fileRef = CDBECD952922396A003243AE /* SceneDelegate.swift */; };
		CDBECD982922396A003243AE /* MainTabBarViewController.swift in Sources */ = {isa = PBXBuildFile; fileRef = CDBECD972922396A003243AE /* MainTabBarViewController.swift */; };
		CDBECD9D2922396C003243AE /* Assets.xcassets in Resources */ = {isa = PBXBuildFile; fileRef = CDBECD9C2922396C003243AE /* Assets.xcassets */; };
		CDBECDA02922396C003243AE /* LaunchScreen.storyboard in Resources */ = {isa = PBXBuildFile; fileRef = CDBECD9E2922396C003243AE /* LaunchScreen.storyboard */; };
		CDBECDA929224183003243AE /* HomeViewController.swift in Sources */ = {isa = PBXBuildFile; fileRef = CDBECDA829224183003243AE /* HomeViewController.swift */; };
		CDBECDAB2922419A003243AE /* UpcomingViewController.swift in Sources */ = {isa = PBXBuildFile; fileRef = CDBECDAA2922419A003243AE /* UpcomingViewController.swift */; };
		CDBECDAD292241BA003243AE /* SearchViewController.swift in Sources */ = {isa = PBXBuildFile; fileRef = CDBECDAC292241BA003243AE /* SearchViewController.swift */; };
		CDBECDAF292241E3003243AE /* DownloadsViewController.swift in Sources */ = {isa = PBXBuildFile; fileRef = CDBECDAE292241E3003243AE /* DownloadsViewController.swift */; };
		CDBECDB62922469C003243AE /* CollectionViewTableViewCell.swift in Sources */ = {isa = PBXBuildFile; fileRef = CDBECDB52922469C003243AE /* CollectionViewTableViewCell.swift */; };
		CDBECDB829224A91003243AE /* HeroHeaderView.swift in Sources */ = {isa = PBXBuildFile; fileRef = CDBECDB729224A91003243AE /* HeroHeaderView.swift */; };
/* End PBXBuildFile section */

/* Begin PBXFileReference section */
		CD5CF5802926519900597864 /* APICaller.swift */ = {isa = PBXFileReference; lastKnownFileType = sourcecode.swift; path = APICaller.swift; sourceTree = "<group>"; };
		CD5CF582292655A100597864 /* MediaObject.swift */ = {isa = PBXFileReference; lastKnownFileType = sourcecode.swift; path = MediaObject.swift; sourceTree = "<group>"; };
		CD5CF5842926598800597864 /* Extensions.swift */ = {isa = PBXFileReference; lastKnownFileType = sourcecode.swift; path = Extensions.swift; sourceTree = "<group>"; };
		CD5CF588292669F400597864 /* TitleCollectionViewCell.swift */ = {isa = PBXFileReference; lastKnownFileType = sourcecode.swift; path = TitleCollectionViewCell.swift; sourceTree = "<group>"; };
		CD6807312927EB8900C51379 /* MovieTableViewCell.swift */ = {isa = PBXFileReference; lastKnownFileType = sourcecode.swift; path = MovieTableViewCell.swift; sourceTree = "<group>"; };
		CD6807332928106E00C51379 /* MovieViewModel.swift */ = {isa = PBXFileReference; lastKnownFileType = sourcecode.swift; path = MovieViewModel.swift; sourceTree = "<group>"; };
		CD680735292819E900C51379 /* SearchResultsViewController.swift */ = {isa = PBXFileReference; lastKnownFileType = sourcecode.swift; path = SearchResultsViewController.swift; sourceTree = "<group>"; };
		CDBECD902922396A003243AE /* NetflixClone.app */ = {isa = PBXFileReference; explicitFileType = wrapper.application; includeInIndex = 0; path = NetflixClone.app; sourceTree = BUILT_PRODUCTS_DIR; };
		CDBECD932922396A003243AE /* AppDelegate.swift */ = {isa = PBXFileReference; lastKnownFileType = sourcecode.swift; path = AppDelegate.swift; sourceTree = "<group>"; };
		CDBECD952922396A003243AE /* SceneDelegate.swift */ = {isa = PBXFileReference; lastKnownFileType = sourcecode.swift; path = SceneDelegate.swift; sourceTree = "<group>"; };
		CDBECD972922396A003243AE /* MainTabBarViewController.swift */ = {isa = PBXFileReference; lastKnownFileType = sourcecode.swift; path = MainTabBarViewController.swift; sourceTree = "<group>"; };
		CDBECD9C2922396C003243AE /* Assets.xcassets */ = {isa = PBXFileReference; lastKnownFileType = folder.assetcatalog; path = Assets.xcassets; sourceTree = "<group>"; };
		CDBECD9F2922396C003243AE /* Base */ = {isa = PBXFileReference; lastKnownFileType = file.storyboard; name = Base; path = Base.lproj/LaunchScreen.storyboard; sourceTree = "<group>"; };
		CDBECDA12922396C003243AE /* Info.plist */ = {isa = PBXFileReference; lastKnownFileType = text.plist.xml; path = Info.plist; sourceTree = "<group>"; };
		CDBECDA829224183003243AE /* HomeViewController.swift */ = {isa = PBXFileReference; lastKnownFileType = sourcecode.swift; path = HomeViewController.swift; sourceTree = "<group>"; };
		CDBECDAA2922419A003243AE /* UpcomingViewController.swift */ = {isa = PBXFileReference; lastKnownFileType = sourcecode.swift; path = UpcomingViewController.swift; sourceTree = "<group>"; };
		CDBECDAC292241BA003243AE /* SearchViewController.swift */ = {isa = PBXFileReference; lastKnownFileType = sourcecode.swift; path = SearchViewController.swift; sourceTree = "<group>"; };
		CDBECDAE292241E3003243AE /* DownloadsViewController.swift */ = {isa = PBXFileReference; lastKnownFileType = sourcecode.swift; path = DownloadsViewController.swift; sourceTree = "<group>"; };
		CDBECDB52922469C003243AE /* CollectionViewTableViewCell.swift */ = {isa = PBXFileReference; lastKnownFileType = sourcecode.swift; path = CollectionViewTableViewCell.swift; sourceTree = "<group>"; };
		CDBECDB729224A91003243AE /* HeroHeaderView.swift */ = {isa = PBXFileReference; lastKnownFileType = sourcecode.swift; path = HeroHeaderView.swift; sourceTree = "<group>"; };
/* End PBXFileReference section */

/* Begin PBXFrameworksBuildPhase section */
		CDBECD8D2922396A003243AE /* Frameworks */ = {
			isa = PBXFrameworksBuildPhase;
			buildActionMask = 2147483647;
			files = (
				CD5CF58E29266B9D00597864 /* SDWebImageMapKit in Frameworks */,
				CD5CF58C29266B9D00597864 /* SDWebImage in Frameworks */,
			);
			runOnlyForDeploymentPostprocessing = 0;
		};
/* End PBXFrameworksBuildPhase section */

/* Begin PBXGroup section */
		CD1C6316292B818D003199B7 /* Core */ = {
			isa = PBXGroup;
			children = (
				CDBECDAC292241BA003243AE /* SearchViewController.swift */,
				CDBECDAE292241E3003243AE /* DownloadsViewController.swift */,
				CDBECDA829224183003243AE /* HomeViewController.swift */,
				CDBECDAA2922419A003243AE /* UpcomingViewController.swift */,
			);
			path = Core;
			sourceTree = "<group>";
		};
		CD1C6317292B81A1003199B7 /* General */ = {
			isa = PBXGroup;
			children = (
				CD680735292819E900C51379 /* SearchResultsViewController.swift */,
			);
			path = General;
			sourceTree = "<group>";
		};
		CDBECD872922396A003243AE = {
			isa = PBXGroup;
			children = (
				CDBECD922922396A003243AE /* NetflixClone */,
				CDBECD912922396A003243AE /* Products */,
			);
			sourceTree = "<group>";
		};
		CDBECD912922396A003243AE /* Products */ = {
			isa = PBXGroup;
			children = (
				CDBECD902922396A003243AE /* NetflixClone.app */,
			);
			name = Products;
			sourceTree = "<group>";
		};
		CDBECD922922396A003243AE /* NetflixClone */ = {
			isa = PBXGroup;
			children = (
				CDBECDB429224673003243AE /* Managers */,
				CDBECDB329224669003243AE /* Resources */,
				CDBECDB229224651003243AE /* Models */,
				CDBECDB129224647003243AE /* ViewModels */,
				CDBECDB029224641003243AE /* Views */,
				CDBECDA729223B3B003243AE /* Controllers */,
				CDBECD932922396A003243AE /* AppDelegate.swift */,
				CDBECD952922396A003243AE /* SceneDelegate.swift */,
				CDBECD972922396A003243AE /* MainTabBarViewController.swift */,
				CDBECD9C2922396C003243AE /* Assets.xcassets */,
				CDBECD9E2922396C003243AE /* LaunchScreen.storyboard */,
				CDBECDA12922396C003243AE /* Info.plist */,
			);
			path = NetflixClone;
			sourceTree = "<group>";
		};
		CDBECDA729223B3B003243AE /* Controllers */ = {
			isa = PBXGroup;
			children = (
				CD1C6317292B81A1003199B7 /* General */,
				CD1C6316292B818D003199B7 /* Core */,
			);
			path = Controllers;
			sourceTree = "<group>";
		};
		CDBECDB029224641003243AE /* Views */ = {
			isa = PBXGroup;
			children = (
				CDBECDB52922469C003243AE /* CollectionViewTableViewCell.swift */,
				CDBECDB729224A91003243AE /* HeroHeaderView.swift */,
				CD5CF588292669F400597864 /* TitleCollectionViewCell.swift */,
				CD6807312927EB8900C51379 /* MovieTableViewCell.swift */,
			);
			path = Views;
			sourceTree = "<group>";
		};
		CDBECDB129224647003243AE /* ViewModels */ = {
			isa = PBXGroup;
			children = (
				CD6807332928106E00C51379 /* MovieViewModel.swift */,
			);
			path = ViewModels;
			sourceTree = "<group>";
		};
		CDBECDB229224651003243AE /* Models */ = {
			isa = PBXGroup;
			children = (
				CD5CF582292655A100597864 /* MediaObject.swift */,
			);
			path = Models;
			sourceTree = "<group>";
		};
		CDBECDB329224669003243AE /* Resources */ = {
			isa = PBXGroup;
			children = (
				CD5CF5842926598800597864 /* Extensions.swift */,
			);
			path = Resources;
			sourceTree = "<group>";
		};
		CDBECDB429224673003243AE /* Managers */ = {
			isa = PBXGroup;
			children = (
				CD5CF5802926519900597864 /* APICaller.swift */,
			);
			path = Managers;
			sourceTree = "<group>";
		};
/* End PBXGroup section */

/* Begin PBXNativeTarget section */
		CDBECD8F2922396A003243AE /* NetflixClone */ = {
			isa = PBXNativeTarget;
			buildConfigurationList = CDBECDA42922396C003243AE /* Build configuration list for PBXNativeTarget "NetflixClone" */;
			buildPhases = (
				CDBECD8C2922396A003243AE /* Sources */,
				CDBECD8D2922396A003243AE /* Frameworks */,
				CDBECD8E2922396A003243AE /* Resources */,
			);
			buildRules = (
			);
			dependencies = (
			);
			name = NetflixClone;
			packageProductDependencies = (
				CD5CF58B29266B9D00597864 /* SDWebImage */,
				CD5CF58D29266B9D00597864 /* SDWebImageMapKit */,
			);
			productName = NetflixClone;
			productReference = CDBECD902922396A003243AE /* NetflixClone.app */;
			productType = "com.apple.product-type.application";
		};
/* End PBXNativeTarget section */

/* Begin PBXProject section */
		CDBECD882922396A003243AE /* Project object */ = {
			isa = PBXProject;
			attributes = {
				BuildIndependentTargetsInParallel = 1;
				LastSwiftUpdateCheck = 1330;
				LastUpgradeCheck = 1330;
				TargetAttributes = {
					CDBECD8F2922396A003243AE = {
						CreatedOnToolsVersion = 13.3.1;
					};
				};
			};
			buildConfigurationList = CDBECD8B2922396A003243AE /* Build configuration list for PBXProject "NetflixClone" */;
			compatibilityVersion = "Xcode 13.0";
			developmentRegion = en;
			hasScannedForEncodings = 0;
			knownRegions = (
				en,
				Base,
			);
			mainGroup = CDBECD872922396A003243AE;
			packageReferences = (
				CD5CF58A29266B9D00597864 /* XCRemoteSwiftPackageReference "SDWebImage" */,
			);
			productRefGroup = CDBECD912922396A003243AE /* Products */;
			projectDirPath = "";
			projectRoot = "";
			targets = (
				CDBECD8F2922396A003243AE /* NetflixClone */,
			);
		};
/* End PBXProject section */

/* Begin PBXResourcesBuildPhase section */
		CDBECD8E2922396A003243AE /* Resources */ = {
			isa = PBXResourcesBuildPhase;
			buildActionMask = 2147483647;
			files = (
				CDBECDA02922396C003243AE /* LaunchScreen.storyboard in Resources */,
				CDBECD9D2922396C003243AE /* Assets.xcassets in Resources */,
			);
			runOnlyForDeploymentPostprocessing = 0;
		};
/* End PBXResourcesBuildPhase section */

/* Begin PBXSourcesBuildPhase section */
		CDBECD8C2922396A003243AE /* Sources */ = {
			isa = PBXSourcesBuildPhase;
			buildActionMask = 2147483647;
			files = (
				CDBECDAD292241BA003243AE /* SearchViewController.swift in Sources */,
				CD5CF589292669F400597864 /* TitleCollectionViewCell.swift in Sources */,
				CD6807322927EB8900C51379 /* MovieTableViewCell.swift in Sources */,
				CDBECD982922396A003243AE /* MainTabBarViewController.swift in Sources */,
				CDBECDB62922469C003243AE /* CollectionViewTableViewCell.swift in Sources */,
				CD5CF5812926519900597864 /* APICaller.swift in Sources */,
				CDBECDAF292241E3003243AE /* DownloadsViewController.swift in Sources */,
				CDBECDB829224A91003243AE /* HeroHeaderView.swift in Sources */,
				CDBECD942922396A003243AE /* AppDelegate.swift in Sources */,
				CD680736292819E900C51379 /* SearchResultsViewController.swift in Sources */,
				CD5CF5852926598800597864 /* Extensions.swift in Sources */,
				CDBECD962922396A003243AE /* SceneDelegate.swift in Sources */,
				CD6807342928106E00C51379 /* MovieViewModel.swift in Sources */,
				CDBECDAB2922419A003243AE /* UpcomingViewController.swift in Sources */,
				CD5CF583292655A100597864 /* MediaObject.swift in Sources */,
				CDBECDA929224183003243AE /* HomeViewController.swift in Sources */,
			);
			runOnlyForDeploymentPostprocessing = 0;
		};
/* End PBXSourcesBuildPhase section */

/* Begin PBXVariantGroup section */
		CDBECD9E2922396C003243AE /* LaunchScreen.storyboard */ = {
			isa = PBXVariantGroup;
			children = (
				CDBECD9F2922396C003243AE /* Base */,
			);
			name = LaunchScreen.storyboard;
			sourceTree = "<group>";
		};
/* End PBXVariantGroup section */

/* Begin XCBuildConfiguration section */
		CDBECDA22922396C003243AE /* Debug */ = {
			isa = XCBuildConfiguration;
			buildSettings = {
				ALWAYS_SEARCH_USER_PATHS = NO;
				CLANG_ANALYZER_NONNULL = YES;
				CLANG_ANALYZER_NUMBER_OBJECT_CONVERSION = YES_AGGRESSIVE;
				CLANG_CXX_LANGUAGE_STANDARD = "gnu++17";
				CLANG_ENABLE_MODULES = YES;
				CLANG_ENABLE_OBJC_ARC = YES;
				CLANG_ENABLE_OBJC_WEAK = YES;
				CLANG_WARN_BLOCK_CAPTURE_AUTORELEASING = YES;
				CLANG_WARN_BOOL_CONVERSION = YES;
				CLANG_WARN_COMMA = YES;
				CLANG_WARN_CONSTANT_CONVERSION = YES;
				CLANG_WARN_DEPRECATED_OBJC_IMPLEMENTATIONS = YES;
				CLANG_WARN_DIRECT_OBJC_ISA_USAGE = YES_ERROR;
				CLANG_WARN_DOCUMENTATION_COMMENTS = YES;
				CLANG_WARN_EMPTY_BODY = YES;
				CLANG_WARN_ENUM_CONVERSION = YES;
				CLANG_WARN_INFINITE_RECURSION = YES;
				CLANG_WARN_INT_CONVERSION = YES;
				CLANG_WARN_NON_LITERAL_NULL_CONVERSION = YES;
				CLANG_WARN_OBJC_IMPLICIT_RETAIN_SELF = YES;
				CLANG_WARN_OBJC_LITERAL_CONVERSION = YES;
				CLANG_WARN_OBJC_ROOT_CLASS = YES_ERROR;
				CLANG_WARN_QUOTED_INCLUDE_IN_FRAMEWORK_HEADER = YES;
				CLANG_WARN_RANGE_LOOP_ANALYSIS = YES;
				CLANG_WARN_STRICT_PROTOTYPES = YES;
				CLANG_WARN_SUSPICIOUS_MOVE = YES;
				CLANG_WARN_UNGUARDED_AVAILABILITY = YES_AGGRESSIVE;
				CLANG_WARN_UNREACHABLE_CODE = YES;
				CLANG_WARN__DUPLICATE_METHOD_MATCH = YES;
				COPY_PHASE_STRIP = NO;
				DEBUG_INFORMATION_FORMAT = dwarf;
				ENABLE_STRICT_OBJC_MSGSEND = YES;
				ENABLE_TESTABILITY = YES;
				GCC_C_LANGUAGE_STANDARD = gnu11;
				GCC_DYNAMIC_NO_PIC = NO;
				GCC_NO_COMMON_BLOCKS = YES;
				GCC_OPTIMIZATION_LEVEL = 0;
				GCC_PREPROCESSOR_DEFINITIONS = (
					"DEBUG=1",
					"$(inherited)",
				);
				GCC_WARN_64_TO_32_BIT_CONVERSION = YES;
				GCC_WARN_ABOUT_RETURN_TYPE = YES_ERROR;
				GCC_WARN_UNDECLARED_SELECTOR = YES;
				GCC_WARN_UNINITIALIZED_AUTOS = YES_AGGRESSIVE;
				GCC_WARN_UNUSED_FUNCTION = YES;
				GCC_WARN_UNUSED_VARIABLE = YES;
				IPHONEOS_DEPLOYMENT_TARGET = 15.4;
				MTL_ENABLE_DEBUG_INFO = INCLUDE_SOURCE;
				MTL_FAST_MATH = YES;
				ONLY_ACTIVE_ARCH = YES;
				SDKROOT = iphoneos;
				SWIFT_ACTIVE_COMPILATION_CONDITIONS = DEBUG;
				SWIFT_OPTIMIZATION_LEVEL = "-Onone";
			};
			name = Debug;
		};
		CDBECDA32922396C003243AE /* Release */ = {
			isa = XCBuildConfiguration;
			buildSettings = {
				ALWAYS_SEARCH_USER_PATHS = NO;
				CLANG_ANALYZER_NONNULL = YES;
				CLANG_ANALYZER_NUMBER_OBJECT_CONVERSION = YES_AGGRESSIVE;
				CLANG_CXX_LANGUAGE_STANDARD = "gnu++17";
				CLANG_ENABLE_MODULES = YES;
				CLANG_ENABLE_OBJC_ARC = YES;
				CLANG_ENABLE_OBJC_WEAK = YES;
				CLANG_WARN_BLOCK_CAPTURE_AUTORELEASING = YES;
				CLANG_WARN_BOOL_CONVERSION = YES;
				CLANG_WARN_COMMA = YES;
				CLANG_WARN_CONSTANT_CONVERSION = YES;
				CLANG_WARN_DEPRECATED_OBJC_IMPLEMENTATIONS = YES;
				CLANG_WARN_DIRECT_OBJC_ISA_USAGE = YES_ERROR;
				CLANG_WARN_DOCUMENTATION_COMMENTS = YES;
				CLANG_WARN_EMPTY_BODY = YES;
				CLANG_WARN_ENUM_CONVERSION = YES;
				CLANG_WARN_INFINITE_RECURSION = YES;
				CLANG_WARN_INT_CONVERSION = YES;
				CLANG_WARN_NON_LITERAL_NULL_CONVERSION = YES;
				CLANG_WARN_OBJC_IMPLICIT_RETAIN_SELF = YES;
				CLANG_WARN_OBJC_LITERAL_CONVERSION = YES;
				CLANG_WARN_OBJC_ROOT_CLASS = YES_ERROR;
				CLANG_WARN_QUOTED_INCLUDE_IN_FRAMEWORK_HEADER = YES;
				CLANG_WARN_RANGE_LOOP_ANALYSIS = YES;
				CLANG_WARN_STRICT_PROTOTYPES = YES;
				CLANG_WARN_SUSPICIOUS_MOVE = YES;
				CLANG_WARN_UNGUARDED_AVAILABILITY = YES_AGGRESSIVE;
				CLANG_WARN_UNREACHABLE_CODE = YES;
				CLANG_WARN__DUPLICATE_METHOD_MATCH = YES;
				COPY_PHASE_STRIP = NO;
				DEBUG_INFORMATION_FORMAT = "dwarf-with-dsym";
				ENABLE_NS_ASSERTIONS = NO;
				ENABLE_STRICT_OBJC_MSGSEND = YES;
				GCC_C_LANGUAGE_STANDARD = gnu11;
				GCC_NO_COMMON_BLOCKS = YES;
				GCC_WARN_64_TO_32_BIT_CONVERSION = YES;
				GCC_WARN_ABOUT_RETURN_TYPE = YES_ERROR;
				GCC_WARN_UNDECLARED_SELECTOR = YES;
				GCC_WARN_UNINITIALIZED_AUTOS = YES_AGGRESSIVE;
				GCC_WARN_UNUSED_FUNCTION = YES;
				GCC_WARN_UNUSED_VARIABLE = YES;
				IPHONEOS_DEPLOYMENT_TARGET = 15.4;
				MTL_ENABLE_DEBUG_INFO = NO;
				MTL_FAST_MATH = YES;
				SDKROOT = iphoneos;
				SWIFT_COMPILATION_MODE = wholemodule;
				SWIFT_OPTIMIZATION_LEVEL = "-O";
				VALIDATE_PRODUCT = YES;
			};
			name = Release;
		};
		CDBECDA52922396C003243AE /* Debug */ = {
			isa = XCBuildConfiguration;
			buildSettings = {
				ASSETCATALOG_COMPILER_APPICON_NAME = AppIcon;
				ASSETCATALOG_COMPILER_GLOBAL_ACCENT_COLOR_NAME = AccentColor;
				CODE_SIGN_STYLE = Automatic;
				CURRENT_PROJECT_VERSION = 1;
				DEVELOPMENT_TEAM = Y2ZMF37QVQ;
				GENERATE_INFOPLIST_FILE = YES;
				INFOPLIST_FILE = NetflixClone/Info.plist;
				INFOPLIST_KEY_UIApplicationSupportsIndirectInputEvents = YES;
				INFOPLIST_KEY_UILaunchStoryboardName = LaunchScreen;
				INFOPLIST_KEY_UISupportedInterfaceOrientations_iPad = "UIInterfaceOrientationPortrait UIInterfaceOrientationPortraitUpsideDown UIInterfaceOrientationLandscapeLeft UIInterfaceOrientationLandscapeRight";
				INFOPLIST_KEY_UISupportedInterfaceOrientations_iPhone = "UIInterfaceOrientationPortrait UIInterfaceOrientationLandscapeLeft UIInterfaceOrientationLandscapeRight";
				LD_RUNPATH_SEARCH_PATHS = (
					"$(inherited)",
					"@executable_path/Frameworks",
				);
				MARKETING_VERSION = 1.0;
				PRODUCT_BUNDLE_IDENTIFIER = com.myorganization.NetflixClone;
				PRODUCT_NAME = "$(TARGET_NAME)";
				SWIFT_EMIT_LOC_STRINGS = YES;
				SWIFT_VERSION = 5.0;
				TARGETED_DEVICE_FAMILY = "1,2";
			};
			name = Debug;
		};
		CDBECDA62922396C003243AE /* Release */ = {
			isa = XCBuildConfiguration;
			buildSettings = {
				ASSETCATALOG_COMPILER_APPICON_NAME = AppIcon;
				ASSETCATALOG_COMPILER_GLOBAL_ACCENT_COLOR_NAME = AccentColor;
				CODE_SIGN_STYLE = Automatic;
				CURRENT_PROJECT_VERSION = 1;
				DEVELOPMENT_TEAM = Y2ZMF37QVQ;
				GENERATE_INFOPLIST_FILE = YES;
				INFOPLIST_FILE = NetflixClone/Info.plist;
				INFOPLIST_KEY_UIApplicationSupportsIndirectInputEvents = YES;
				INFOPLIST_KEY_UILaunchStoryboardName = LaunchScreen;
				INFOPLIST_KEY_UISupportedInterfaceOrientations_iPad = "UIInterfaceOrientationPortrait UIInterfaceOrientationPortraitUpsideDown UIInterfaceOrientationLandscapeLeft UIInterfaceOrientationLandscapeRight";
				INFOPLIST_KEY_UISupportedInterfaceOrientations_iPhone = "UIInterfaceOrientationPortrait UIInterfaceOrientationLandscapeLeft UIInterfaceOrientationLandscapeRight";
				LD_RUNPATH_SEARCH_PATHS = (
					"$(inherited)",
					"@executable_path/Frameworks",
				);
				MARKETING_VERSION = 1.0;
				PRODUCT_BUNDLE_IDENTIFIER = com.myorganization.NetflixClone;
				PRODUCT_NAME = "$(TARGET_NAME)";
				SWIFT_EMIT_LOC_STRINGS = YES;
				SWIFT_VERSION = 5.0;
				TARGETED_DEVICE_FAMILY = "1,2";
			};
			name = Release;
		};
/* End XCBuildConfiguration section */

/* Begin XCConfigurationList section */
		CDBECD8B2922396A003243AE /* Build configuration list for PBXProject "NetflixClone" */ = {
			isa = XCConfigurationList;
			buildConfigurations = (
				CDBECDA22922396C003243AE /* Debug */,
				CDBECDA32922396C003243AE /* Release */,
			);
			defaultConfigurationIsVisible = 0;
			defaultConfigurationName = Release;
		};
		CDBECDA42922396C003243AE /* Build configuration list for PBXNativeTarget "NetflixClone" */ = {
			isa = XCConfigurationList;
			buildConfigurations = (
				CDBECDA52922396C003243AE /* Debug */,
				CDBECDA62922396C003243AE /* Release */,
			);
			defaultConfigurationIsVisible = 0;
			defaultConfigurationName = Release;
		};
/* End XCConfigurationList section */

/* Begin XCRemoteSwiftPackageReference section */
		CD5CF58A29266B9D00597864 /* XCRemoteSwiftPackageReference "SDWebImage" */ = {
			isa = XCRemoteSwiftPackageReference;
			repositoryURL = "https://github.com/SDWebImage/SDWebImage.git";
			requirement = {
				kind = upToNextMajorVersion;
				minimumVersion = 5.0.0;
			};
		};
/* End XCRemoteSwiftPackageReference section */

/* Begin XCSwiftPackageProductDependency section */
		CD5CF58B29266B9D00597864 /* SDWebImage */ = {
			isa = XCSwiftPackageProductDependency;
			package = CD5CF58A29266B9D00597864 /* XCRemoteSwiftPackageReference "SDWebImage" */;
			productName = SDWebImage;
		};
		CD5CF58D29266B9D00597864 /* SDWebImageMapKit */ = {
			isa = XCSwiftPackageProductDependency;
			package = CD5CF58A29266B9D00597864 /* XCRemoteSwiftPackageReference "SDWebImage" */;
			productName = SDWebImageMapKit;
		};
/* End XCSwiftPackageProductDependency section */
	};
	rootObject = CDBECD882922396A003243AE /* Project object */;
}
