// !$*UTF8*$!
{
	archiveVersion = 1;
	classes = {
	};
	objectVersion = 55;
	objects = {

/* Begin PBXBuildFile section */
		CD897533290BED8E002F2256 /* AppDelegate.swift in Sources */ = {isa = PBXBuildFile; fileRef = CD897532290BED8E002F2256 /* AppDelegate.swift */; };
		CD897535290BED8E002F2256 /* SceneDelegate.swift in Sources */ = {isa = PBXBuildFile; fileRef = CD897534290BED8E002F2256 /* SceneDelegate.swift */; };
		CD897537290BED8E002F2256 /* ViewController.swift in Sources */ = {isa = PBXBuildFile; fileRef = CD897536290BED8E002F2256 /* ViewController.swift */; };
		CD89753C290BED8F002F2256 /* Assets.xcassets in Resources */ = {isa = PBXBuildFile; fileRef = CD89753B290BED8F002F2256 /* Assets.xcassets */; };
		CD89753F290BED8F002F2256 /* LaunchScreen.storyboard in Resources */ = {isa = PBXBuildFile; fileRef = CD89753D290BED8F002F2256 /* LaunchScreen.storyboard */; };
		CD897548290BEE37002F2256 /* PaymentDetailsModel.swift in Sources */ = {isa = PBXBuildFile; fileRef = CD897547290BEE37002F2256 /* PaymentDetailsModel.swift */; };
		CD89754B290BEE9A002F2256 /* PaymentDetailsViewCell.swift in Sources */ = {isa = PBXBuildFile; fileRef = CD89754A290BEE9A002F2256 /* PaymentDetailsViewCell.swift */; };
		CD89754D290BF5CB002F2256 /* PaymentTypeViewCell.swift in Sources */ = {isa = PBXBuildFile; fileRef = CD89754C290BF5CB002F2256 /* PaymentTypeViewCell.swift */; };
		CD89754F290BF679002F2256 /* PaymetTypeCellModel.swift in Sources */ = {isa = PBXBuildFile; fileRef = CD89754E290BF679002F2256 /* PaymetTypeCellModel.swift */; };
		CD897551290BF6DB002F2256 /* CouponViewCell.swift in Sources */ = {isa = PBXBuildFile; fileRef = CD897550290BF6DB002F2256 /* CouponViewCell.swift */; };
		CD897553290BF713002F2256 /* CouponViewCellModel.swift in Sources */ = {isa = PBXBuildFile; fileRef = CD897552290BF713002F2256 /* CouponViewCellModel.swift */; };
		CD897555290BF73C002F2256 /* OfferModel.swift in Sources */ = {isa = PBXBuildFile; fileRef = CD897554290BF73C002F2256 /* OfferModel.swift */; };
/* End PBXBuildFile section */

/* Begin PBXFileReference section */
		CD89752F290BED8E002F2256 /* PaymentDiffableDataSource.app */ = {isa = PBXFileReference; explicitFileType = wrapper.application; includeInIndex = 0; path = PaymentDiffableDataSource.app; sourceTree = BUILT_PRODUCTS_DIR; };
		CD897532290BED8E002F2256 /* AppDelegate.swift */ = {isa = PBXFileReference; lastKnownFileType = sourcecode.swift; path = AppDelegate.swift; sourceTree = "<group>"; };
		CD897534290BED8E002F2256 /* SceneDelegate.swift */ = {isa = PBXFileReference; lastKnownFileType = sourcecode.swift; path = SceneDelegate.swift; sourceTree = "<group>"; };
		CD897536290BED8E002F2256 /* ViewController.swift */ = {isa = PBXFileReference; lastKnownFileType = sourcecode.swift; path = ViewController.swift; sourceTree = "<group>"; };
		CD89753B290BED8F002F2256 /* Assets.xcassets */ = {isa = PBXFileReference; lastKnownFileType = folder.assetcatalog; path = Assets.xcassets; sourceTree = "<group>"; };
		CD89753E290BED8F002F2256 /* Base */ = {isa = PBXFileReference; lastKnownFileType = file.storyboard; name = Base; path = Base.lproj/LaunchScreen.storyboard; sourceTree = "<group>"; };
		CD897540290BED8F002F2256 /* Info.plist */ = {isa = PBXFileReference; lastKnownFileType = text.plist.xml; path = Info.plist; sourceTree = "<group>"; };
		CD897547290BEE37002F2256 /* PaymentDetailsModel.swift */ = {isa = PBXFileReference; lastKnownFileType = sourcecode.swift; path = PaymentDetailsModel.swift; sourceTree = "<group>"; };
		CD89754A290BEE9A002F2256 /* PaymentDetailsViewCell.swift */ = {isa = PBXFileReference; lastKnownFileType = sourcecode.swift; path = PaymentDetailsViewCell.swift; sourceTree = "<group>"; };
		CD89754C290BF5CB002F2256 /* PaymentTypeViewCell.swift */ = {isa = PBXFileReference; lastKnownFileType = sourcecode.swift; path = PaymentTypeViewCell.swift; sourceTree = "<group>"; };
		CD89754E290BF679002F2256 /* PaymetTypeCellModel.swift */ = {isa = PBXFileReference; lastKnownFileType = sourcecode.swift; path = PaymetTypeCellModel.swift; sourceTree = "<group>"; };
		CD897550290BF6DB002F2256 /* CouponViewCell.swift */ = {isa = PBXFileReference; lastKnownFileType = sourcecode.swift; path = CouponViewCell.swift; sourceTree = "<group>"; };
		CD897552290BF713002F2256 /* CouponViewCellModel.swift */ = {isa = PBXFileReference; lastKnownFileType = sourcecode.swift; path = CouponViewCellModel.swift; sourceTree = "<group>"; };
		CD897554290BF73C002F2256 /* OfferModel.swift */ = {isa = PBXFileReference; lastKnownFileType = sourcecode.swift; path = OfferModel.swift; sourceTree = "<group>"; };
/* End PBXFileReference section */

/* Begin PBXFrameworksBuildPhase section */
		CD89752C290BED8E002F2256 /* Frameworks */ = {
			isa = PBXFrameworksBuildPhase;
			buildActionMask = 2147483647;
			files = (
			);
			runOnlyForDeploymentPostprocessing = 0;
		};
/* End PBXFrameworksBuildPhase section */

/* Begin PBXGroup section */
		CD897526290BED8E002F2256 = {
			isa = PBXGroup;
			children = (
				CD897531290BED8E002F2256 /* PaymentDiffableDataSource */,
				CD897530290BED8E002F2256 /* Products */,
			);
			sourceTree = "<group>";
		};
		CD897530290BED8E002F2256 /* Products */ = {
			isa = PBXGroup;
			children = (
				CD89752F290BED8E002F2256 /* PaymentDiffableDataSource.app */,
			);
			name = Products;
			sourceTree = "<group>";
		};
		CD897531290BED8E002F2256 /* PaymentDiffableDataSource */ = {
			isa = PBXGroup;
			children = (
				CD897549290BEE6C002F2256 /* Views */,
				CD897546290BEE27002F2256 /* Models */,
				CD897532290BED8E002F2256 /* AppDelegate.swift */,
				CD897534290BED8E002F2256 /* SceneDelegate.swift */,
				CD897536290BED8E002F2256 /* ViewController.swift */,
				CD89753B290BED8F002F2256 /* Assets.xcassets */,
				CD89753D290BED8F002F2256 /* LaunchScreen.storyboard */,
				CD897540290BED8F002F2256 /* Info.plist */,
			);
			path = PaymentDiffableDataSource;
			sourceTree = "<group>";
		};
		CD897546290BEE27002F2256 /* Models */ = {
			isa = PBXGroup;
			children = (
				CD897547290BEE37002F2256 /* PaymentDetailsModel.swift */,
				CD89754E290BF679002F2256 /* PaymetTypeCellModel.swift */,
				CD897552290BF713002F2256 /* CouponViewCellModel.swift */,
				CD897554290BF73C002F2256 /* OfferModel.swift */,
			);
			path = Models;
			sourceTree = "<group>";
		};
		CD897549290BEE6C002F2256 /* Views */ = {
			isa = PBXGroup;
			children = (
				CD89754A290BEE9A002F2256 /* PaymentDetailsViewCell.swift */,
				CD89754C290BF5CB002F2256 /* PaymentTypeViewCell.swift */,
				CD897550290BF6DB002F2256 /* CouponViewCell.swift */,
			);
			path = Views;
			sourceTree = "<group>";
		};
/* End PBXGroup section */

/* Begin PBXNativeTarget section */
		CD89752E290BED8E002F2256 /* PaymentDiffableDataSource */ = {
			isa = PBXNativeTarget;
			buildConfigurationList = CD897543290BED8F002F2256 /* Build configuration list for PBXNativeTarget "PaymentDiffableDataSource" */;
			buildPhases = (
				CD89752B290BED8E002F2256 /* Sources */,
				CD89752C290BED8E002F2256 /* Frameworks */,
				CD89752D290BED8E002F2256 /* Resources */,
			);
			buildRules = (
			);
			dependencies = (
			);
			name = PaymentDiffableDataSource;
			productName = PaymentDiffableDataSource;
			productReference = CD89752F290BED8E002F2256 /* PaymentDiffableDataSource.app */;
			productType = "com.apple.product-type.application";
		};
/* End PBXNativeTarget section */

/* Begin PBXProject section */
		CD897527290BED8E002F2256 /* Project object */ = {
			isa = PBXProject;
			attributes = {
				BuildIndependentTargetsInParallel = 1;
				LastSwiftUpdateCheck = 1330;
				LastUpgradeCheck = 1330;
				TargetAttributes = {
					CD89752E290BED8E002F2256 = {
						CreatedOnToolsVersion = 13.3.1;
					};
				};
			};
			buildConfigurationList = CD89752A290BED8E002F2256 /* Build configuration list for PBXProject "PaymentDiffableDataSource" */;
			compatibilityVersion = "Xcode 13.0";
			developmentRegion = en;
			hasScannedForEncodings = 0;
			knownRegions = (
				en,
				Base,
			);
			mainGroup = CD897526290BED8E002F2256;
			productRefGroup = CD897530290BED8E002F2256 /* Products */;
			projectDirPath = "";
			projectRoot = "";
			targets = (
				CD89752E290BED8E002F2256 /* PaymentDiffableDataSource */,
			);
		};
/* End PBXProject section */

/* Begin PBXResourcesBuildPhase section */
		CD89752D290BED8E002F2256 /* Resources */ = {
			isa = PBXResourcesBuildPhase;
			buildActionMask = 2147483647;
			files = (
				CD89753F290BED8F002F2256 /* LaunchScreen.storyboard in Resources */,
				CD89753C290BED8F002F2256 /* Assets.xcassets in Resources */,
			);
			runOnlyForDeploymentPostprocessing = 0;
		};
/* End PBXResourcesBuildPhase section */

/* Begin PBXSourcesBuildPhase section */
		CD89752B290BED8E002F2256 /* Sources */ = {
			isa = PBXSourcesBuildPhase;
			buildActionMask = 2147483647;
			files = (
				CD89754F290BF679002F2256 /* PaymetTypeCellModel.swift in Sources */,
				CD897537290BED8E002F2256 /* ViewController.swift in Sources */,
				CD897555290BF73C002F2256 /* OfferModel.swift in Sources */,
				CD89754D290BF5CB002F2256 /* PaymentTypeViewCell.swift in Sources */,
				CD897548290BEE37002F2256 /* PaymentDetailsModel.swift in Sources */,
				CD89754B290BEE9A002F2256 /* PaymentDetailsViewCell.swift in Sources */,
				CD897533290BED8E002F2256 /* AppDelegate.swift in Sources */,
				CD897551290BF6DB002F2256 /* CouponViewCell.swift in Sources */,
				CD897535290BED8E002F2256 /* SceneDelegate.swift in Sources */,
				CD897553290BF713002F2256 /* CouponViewCellModel.swift in Sources */,
			);
			runOnlyForDeploymentPostprocessing = 0;
		};
/* End PBXSourcesBuildPhase section */

/* Begin PBXVariantGroup section */
		CD89753D290BED8F002F2256 /* LaunchScreen.storyboard */ = {
			isa = PBXVariantGroup;
			children = (
				CD89753E290BED8F002F2256 /* Base */,
			);
			name = LaunchScreen.storyboard;
			sourceTree = "<group>";
		};
/* End PBXVariantGroup section */

/* Begin XCBuildConfiguration section */
		CD897541290BED8F002F2256 /* Debug */ = {
			isa = XCBuildConfiguration;
			buildSettings = {
				ALWAYS_SEARCH_USER_PATHS = NO;
				CLANG_ANALYZER_NONNULL = YES;
				CLANG_ANALYZER_NUMBER_OBJECT_CONVERSION = YES_AGGRESSIVE;
				CLANG_CXX_LANGUAGE_STANDARD = "gnu++17";
				CLANG_ENABLE_MODULES = YES;
				CLANG_ENABLE_OBJC_ARC = YES;
				CLANG_ENABLE_OBJC_WEAK = YES;
				CLANG_WARN_BLOCK_CAPTURE_AUTORELEASING = YES;
				CLANG_WARN_BOOL_CONVERSION = YES;
				CLANG_WARN_COMMA = YES;
				CLANG_WARN_CONSTANT_CONVERSION = YES;
				CLANG_WARN_DEPRECATED_OBJC_IMPLEMENTATIONS = YES;
				CLANG_WARN_DIRECT_OBJC_ISA_USAGE = YES_ERROR;
				CLANG_WARN_DOCUMENTATION_COMMENTS = YES;
				CLANG_WARN_EMPTY_BODY = YES;
				CLANG_WARN_ENUM_CONVERSION = YES;
				CLANG_WARN_INFINITE_RECURSION = YES;
				CLANG_WARN_INT_CONVERSION = YES;
				CLANG_WARN_NON_LITERAL_NULL_CONVERSION = YES;
				CLANG_WARN_OBJC_IMPLICIT_RETAIN_SELF = YES;
				CLANG_WARN_OBJC_LITERAL_CONVERSION = YES;
				CLANG_WARN_OBJC_ROOT_CLASS = YES_ERROR;
				CLANG_WARN_QUOTED_INCLUDE_IN_FRAMEWORK_HEADER = YES;
				CLANG_WARN_RANGE_LOOP_ANALYSIS = YES;
				CLANG_WARN_STRICT_PROTOTYPES = YES;
				CLANG_WARN_SUSPICIOUS_MOVE = YES;
				CLANG_WARN_UNGUARDED_AVAILABILITY = YES_AGGRESSIVE;
				CLANG_WARN_UNREACHABLE_CODE = YES;
				CLANG_WARN__DUPLICATE_METHOD_MATCH = YES;
				COPY_PHASE_STRIP = NO;
				DEBUG_INFORMATION_FORMAT = dwarf;
				ENABLE_STRICT_OBJC_MSGSEND = YES;
				ENABLE_TESTABILITY = YES;
				GCC_C_LANGUAGE_STANDARD = gnu11;
				GCC_DYNAMIC_NO_PIC = NO;
				GCC_NO_COMMON_BLOCKS = YES;
				GCC_OPTIMIZATION_LEVEL = 0;
				GCC_PREPROCESSOR_DEFINITIONS = (
					"DEBUG=1",
					"$(inherited)",
				);
				GCC_WARN_64_TO_32_BIT_CONVERSION = YES;
				GCC_WARN_ABOUT_RETURN_TYPE = YES_ERROR;
				GCC_WARN_UNDECLARED_SELECTOR = YES;
				GCC_WARN_UNINITIALIZED_AUTOS = YES_AGGRESSIVE;
				GCC_WARN_UNUSED_FUNCTION = YES;
				GCC_WARN_UNUSED_VARIABLE = YES;
				IPHONEOS_DEPLOYMENT_TARGET = 15.4;
				MTL_ENABLE_DEBUG_INFO = INCLUDE_SOURCE;
				MTL_FAST_MATH = YES;
				ONLY_ACTIVE_ARCH = YES;
				SDKROOT = iphoneos;
				SWIFT_ACTIVE_COMPILATION_CONDITIONS = DEBUG;
				SWIFT_OPTIMIZATION_LEVEL = "-Onone";
			};
			name = Debug;
		};
		CD897542290BED8F002F2256 /* Release */ = {
			isa = XCBuildConfiguration;
			buildSettings = {
				ALWAYS_SEARCH_USER_PATHS = NO;
				CLANG_ANALYZER_NONNULL = YES;
				CLANG_ANALYZER_NUMBER_OBJECT_CONVERSION = YES_AGGRESSIVE;
				CLANG_CXX_LANGUAGE_STANDARD = "gnu++17";
				CLANG_ENABLE_MODULES = YES;
				CLANG_ENABLE_OBJC_ARC = YES;
				CLANG_ENABLE_OBJC_WEAK = YES;
				CLANG_WARN_BLOCK_CAPTURE_AUTORELEASING = YES;
				CLANG_WARN_BOOL_CONVERSION = YES;
				CLANG_WARN_COMMA = YES;
				CLANG_WARN_CONSTANT_CONVERSION = YES;
				CLANG_WARN_DEPRECATED_OBJC_IMPLEMENTATIONS = YES;
				CLANG_WARN_DIRECT_OBJC_ISA_USAGE = YES_ERROR;
				CLANG_WARN_DOCUMENTATION_COMMENTS = YES;
				CLANG_WARN_EMPTY_BODY = YES;
				CLANG_WARN_ENUM_CONVERSION = YES;
				CLANG_WARN_INFINITE_RECURSION = YES;
				CLANG_WARN_INT_CONVERSION = YES;
				CLANG_WARN_NON_LITERAL_NULL_CONVERSION = YES;
				CLANG_WARN_OBJC_IMPLICIT_RETAIN_SELF = YES;
				CLANG_WARN_OBJC_LITERAL_CONVERSION = YES;
				CLANG_WARN_OBJC_ROOT_CLASS = YES_ERROR;
				CLANG_WARN_QUOTED_INCLUDE_IN_FRAMEWORK_HEADER = YES;
				CLANG_WARN_RANGE_LOOP_ANALYSIS = YES;
				CLANG_WARN_STRICT_PROTOTYPES = YES;
				CLANG_WARN_SUSPICIOUS_MOVE = YES;
				CLANG_WARN_UNGUARDED_AVAILABILITY = YES_AGGRESSIVE;
				CLANG_WARN_UNREACHABLE_CODE = YES;
				CLANG_WARN__DUPLICATE_METHOD_MATCH = YES;
				COPY_PHASE_STRIP = NO;
				DEBUG_INFORMATION_FORMAT = "dwarf-with-dsym";
				ENABLE_NS_ASSERTIONS = NO;
				ENABLE_STRICT_OBJC_MSGSEND = YES;
				GCC_C_LANGUAGE_STANDARD = gnu11;
				GCC_NO_COMMON_BLOCKS = YES;
				GCC_WARN_64_TO_32_BIT_CONVERSION = YES;
				GCC_WARN_ABOUT_RETURN_TYPE = YES_ERROR;
				GCC_WARN_UNDECLARED_SELECTOR = YES;
				GCC_WARN_UNINITIALIZED_AUTOS = YES_AGGRESSIVE;
				GCC_WARN_UNUSED_FUNCTION = YES;
				GCC_WARN_UNUSED_VARIABLE = YES;
				IPHONEOS_DEPLOYMENT_TARGET = 15.4;
				MTL_ENABLE_DEBUG_INFO = NO;
				MTL_FAST_MATH = YES;
				SDKROOT = iphoneos;
				SWIFT_COMPILATION_MODE = wholemodule;
				SWIFT_OPTIMIZATION_LEVEL = "-O";
				VALIDATE_PRODUCT = YES;
			};
			name = Release;
		};
		CD897544290BED8F002F2256 /* Debug */ = {
			isa = XCBuildConfiguration;
			buildSettings = {
				ASSETCATALOG_COMPILER_APPICON_NAME = AppIcon;
				ASSETCATALOG_COMPILER_GLOBAL_ACCENT_COLOR_NAME = AccentColor;
				CODE_SIGN_STYLE = Automatic;
				CURRENT_PROJECT_VERSION = 1;
				DEVELOPMENT_TEAM = Y2ZMF37QVQ;
				GENERATE_INFOPLIST_FILE = YES;
				INFOPLIST_FILE = PaymentDiffableDataSource/Info.plist;
				INFOPLIST_KEY_UIApplicationSupportsIndirectInputEvents = YES;
				INFOPLIST_KEY_UILaunchStoryboardName = LaunchScreen;
				INFOPLIST_KEY_UISupportedInterfaceOrientations_iPad = "UIInterfaceOrientationPortrait UIInterfaceOrientationPortraitUpsideDown UIInterfaceOrientationLandscapeLeft UIInterfaceOrientationLandscapeRight";
				INFOPLIST_KEY_UISupportedInterfaceOrientations_iPhone = "UIInterfaceOrientationPortrait UIInterfaceOrientationLandscapeLeft UIInterfaceOrientationLandscapeRight";
				LD_RUNPATH_SEARCH_PATHS = (
					"$(inherited)",
					"@executable_path/Frameworks",
				);
				MARKETING_VERSION = 1.0;
				PRODUCT_BUNDLE_IDENTIFIER = com.myorganization.PaymentDiffableDataSource;
				PRODUCT_NAME = "$(TARGET_NAME)";
				SWIFT_EMIT_LOC_STRINGS = YES;
				SWIFT_VERSION = 5.0;
				TARGETED_DEVICE_FAMILY = "1,2";
			};
			name = Debug;
		};
		CD897545290BED8F002F2256 /* Release */ = {
			isa = XCBuildConfiguration;
			buildSettings = {
				ASSETCATALOG_COMPILER_APPICON_NAME = AppIcon;
				ASSETCATALOG_COMPILER_GLOBAL_ACCENT_COLOR_NAME = AccentColor;
				CODE_SIGN_STYLE = Automatic;
				CURRENT_PROJECT_VERSION = 1;
				DEVELOPMENT_TEAM = Y2ZMF37QVQ;
				GENERATE_INFOPLIST_FILE = YES;
				INFOPLIST_FILE = PaymentDiffableDataSource/Info.plist;
				INFOPLIST_KEY_UIApplicationSupportsIndirectInputEvents = YES;
				INFOPLIST_KEY_UILaunchStoryboardName = LaunchScreen;
				INFOPLIST_KEY_UISupportedInterfaceOrientations_iPad = "UIInterfaceOrientationPortrait UIInterfaceOrientationPortraitUpsideDown UIInterfaceOrientationLandscapeLeft UIInterfaceOrientationLandscapeRight";
				INFOPLIST_KEY_UISupportedInterfaceOrientations_iPhone = "UIInterfaceOrientationPortrait UIInterfaceOrientationLandscapeLeft UIInterfaceOrientationLandscapeRight";
				LD_RUNPATH_SEARCH_PATHS = (
					"$(inherited)",
					"@executable_path/Frameworks",
				);
				MARKETING_VERSION = 1.0;
				PRODUCT_BUNDLE_IDENTIFIER = com.myorganization.PaymentDiffableDataSource;
				PRODUCT_NAME = "$(TARGET_NAME)";
				SWIFT_EMIT_LOC_STRINGS = YES;
				SWIFT_VERSION = 5.0;
				TARGETED_DEVICE_FAMILY = "1,2";
			};
			name = Release;
		};
/* End XCBuildConfiguration section */

/* Begin XCConfigurationList section */
		CD89752A290BED8E002F2256 /* Build configuration list for PBXProject "PaymentDiffableDataSource" */ = {
			isa = XCConfigurationList;
			buildConfigurations = (
				CD897541290BED8F002F2256 /* Debug */,
				CD897542290BED8F002F2256 /* Release */,
			);
			defaultConfigurationIsVisible = 0;
			defaultConfigurationName = Release;
		};
		CD897543290BED8F002F2256 /* Build configuration list for PBXNativeTarget "PaymentDiffableDataSource" */ = {
			isa = XCConfigurationList;
			buildConfigurations = (
				CD897544290BED8F002F2256 /* Debug */,
				CD897545290BED8F002F2256 /* Release */,
			);
			defaultConfigurationIsVisible = 0;
			defaultConfigurationName = Release;
		};
/* End XCConfigurationList section */
	};
	rootObject = CD897527290BED8E002F2256 /* Project object */;
}
