// !$*UTF8*$!
{
	archiveVersion = 1;
	classes = {
	};
	objectVersion = 55;
	objects = {

/* Begin PBXBuildFile section */
		CD89E40728A55F880006159F /* AppDelegate.swift in Sources */ = {isa = PBXBuildFile; fileRef = CD89E40628A55F880006159F /* AppDelegate.swift */; };
		CD89E40928A55F880006159F /* SceneDelegate.swift in Sources */ = {isa = PBXBuildFile; fileRef = CD89E40828A55F880006159F /* SceneDelegate.swift */; };
		CD89E40B28A55F880006159F /* NotesListViewController.swift in Sources */ = {isa = PBXBuildFile; fileRef = CD89E40A28A55F880006159F /* NotesListViewController.swift */; };
		CD89E41028A55F890006159F /* Assets.xcassets in Resources */ = {isa = PBXBuildFile; fileRef = CD89E40F28A55F890006159F /* Assets.xcassets */; };
		CD89E41328A55F890006159F /* LaunchScreen.storyboard in Resources */ = {isa = PBXBuildFile; fileRef = CD89E41128A55F890006159F /* LaunchScreen.storyboard */; };
		CD89E4D928AE9F0C0006159F /* Note.swift in Sources */ = {isa = PBXBuildFile; fileRef = CD89E4D828AE9F0C0006159F /* Note.swift */; };
		CD89E4E128AEA2DB0006159F /* Observable.swift in Sources */ = {isa = PBXBuildFile; fileRef = CD89E4E028AEA2DA0006159F /* Observable.swift */; };
		CD89E4E328AF84950006159F /* NoteTableViewCell.swift in Sources */ = {isa = PBXBuildFile; fileRef = CD89E4E228AF84950006159F /* NoteTableViewCell.swift */; };
		CD89E4E528AFB5070006159F /* NewNoteViewController.swift in Sources */ = {isa = PBXBuildFile; fileRef = CD89E4E428AFB5070006159F /* NewNoteViewController.swift */; };
		CD89E4E928AFEBDE0006159F /* NoteViewModel.swift in Sources */ = {isa = PBXBuildFile; fileRef = CD89E4E828AFEBDE0006159F /* NoteViewModel.swift */; };
		CD89E4EB28B367EE0006159F /* NotesViewModel.swift in Sources */ = {isa = PBXBuildFile; fileRef = CD89E4EA28B367EE0006159F /* NotesViewModel.swift */; };
		CD89E4ED28B3696C0006159F /* NewNoteViewModelDelegate.swift in Sources */ = {isa = PBXBuildFile; fileRef = CD89E4EC28B3696C0006159F /* NewNoteViewModelDelegate.swift */; };
		CD89E4EF28B37B120006159F /* NoteView.swift in Sources */ = {isa = PBXBuildFile; fileRef = CD89E4EE28B37B120006159F /* NoteView.swift */; };
		CD89E4F128B3815B0006159F /* NoteViewDelegate.swift in Sources */ = {isa = PBXBuildFile; fileRef = CD89E4F028B3815B0006159F /* NoteViewDelegate.swift */; };
		CD89E4F328B39A690006159F /* EditNoteViewController.swift in Sources */ = {isa = PBXBuildFile; fileRef = CD89E4F228B39A690006159F /* EditNoteViewController.swift */; };
		CD89E4FE28B3B42C0006159F /* DataStorageManipulation.swift in Sources */ = {isa = PBXBuildFile; fileRef = CD89E4FD28B3B42C0006159F /* DataStorageManipulation.swift */; };
		CD89E50028B3B5520006159F /* FileManager+Extension.swift in Sources */ = {isa = PBXBuildFile; fileRef = CD89E4FF28B3B5520006159F /* FileManager+Extension.swift */; };
/* End PBXBuildFile section */

/* Begin PBXFileReference section */
		CD89E40328A55F880006159F /* challenge-d74.app */ = {isa = PBXFileReference; explicitFileType = wrapper.application; includeInIndex = 0; path = "challenge-d74.app"; sourceTree = BUILT_PRODUCTS_DIR; };
		CD89E40628A55F880006159F /* AppDelegate.swift */ = {isa = PBXFileReference; lastKnownFileType = sourcecode.swift; path = AppDelegate.swift; sourceTree = "<group>"; };
		CD89E40828A55F880006159F /* SceneDelegate.swift */ = {isa = PBXFileReference; lastKnownFileType = sourcecode.swift; path = SceneDelegate.swift; sourceTree = "<group>"; };
		CD89E40A28A55F880006159F /* NotesListViewController.swift */ = {isa = PBXFileReference; lastKnownFileType = sourcecode.swift; path = NotesListViewController.swift; sourceTree = "<group>"; };
		CD89E40F28A55F890006159F /* Assets.xcassets */ = {isa = PBXFileReference; lastKnownFileType = folder.assetcatalog; path = Assets.xcassets; sourceTree = "<group>"; };
		CD89E41228A55F890006159F /* Base */ = {isa = PBXFileReference; lastKnownFileType = file.storyboard; name = Base; path = Base.lproj/LaunchScreen.storyboard; sourceTree = "<group>"; };
		CD89E41428A55F890006159F /* Info.plist */ = {isa = PBXFileReference; lastKnownFileType = text.plist.xml; path = Info.plist; sourceTree = "<group>"; };
		CD89E4D828AE9F0C0006159F /* Note.swift */ = {isa = PBXFileReference; lastKnownFileType = sourcecode.swift; path = Note.swift; sourceTree = "<group>"; };
		CD89E4E028AEA2DA0006159F /* Observable.swift */ = {isa = PBXFileReference; lastKnownFileType = sourcecode.swift; path = Observable.swift; sourceTree = "<group>"; };
		CD89E4E228AF84950006159F /* NoteTableViewCell.swift */ = {isa = PBXFileReference; lastKnownFileType = sourcecode.swift; path = NoteTableViewCell.swift; sourceTree = "<group>"; };
		CD89E4E428AFB5070006159F /* NewNoteViewController.swift */ = {isa = PBXFileReference; lastKnownFileType = sourcecode.swift; path = NewNoteViewController.swift; sourceTree = "<group>"; };
		CD89E4E828AFEBDE0006159F /* NoteViewModel.swift */ = {isa = PBXFileReference; lastKnownFileType = sourcecode.swift; path = NoteViewModel.swift; sourceTree = "<group>"; };
		CD89E4EA28B367EE0006159F /* NotesViewModel.swift */ = {isa = PBXFileReference; lastKnownFileType = sourcecode.swift; path = NotesViewModel.swift; sourceTree = "<group>"; };
		CD89E4EC28B3696C0006159F /* NewNoteViewModelDelegate.swift */ = {isa = PBXFileReference; lastKnownFileType = sourcecode.swift; path = NewNoteViewModelDelegate.swift; sourceTree = "<group>"; };
		CD89E4EE28B37B120006159F /* NoteView.swift */ = {isa = PBXFileReference; lastKnownFileType = sourcecode.swift; path = NoteView.swift; sourceTree = "<group>"; };
		CD89E4F028B3815B0006159F /* NoteViewDelegate.swift */ = {isa = PBXFileReference; lastKnownFileType = sourcecode.swift; path = NoteViewDelegate.swift; sourceTree = "<group>"; };
		CD89E4F228B39A690006159F /* EditNoteViewController.swift */ = {isa = PBXFileReference; lastKnownFileType = sourcecode.swift; path = EditNoteViewController.swift; sourceTree = "<group>"; };
		CD89E4FD28B3B42C0006159F /* DataStorageManipulation.swift */ = {isa = PBXFileReference; lastKnownFileType = sourcecode.swift; path = DataStorageManipulation.swift; sourceTree = "<group>"; };
		CD89E4FF28B3B5520006159F /* FileManager+Extension.swift */ = {isa = PBXFileReference; lastKnownFileType = sourcecode.swift; path = "FileManager+Extension.swift"; sourceTree = "<group>"; };
/* End PBXFileReference section */

/* Begin PBXFrameworksBuildPhase section */
		CD89E40028A55F880006159F /* Frameworks */ = {
			isa = PBXFrameworksBuildPhase;
			buildActionMask = 2147483647;
			files = (
			);
			runOnlyForDeploymentPostprocessing = 0;
		};
/* End PBXFrameworksBuildPhase section */

/* Begin PBXGroup section */
		CD89E3FA28A55F880006159F = {
			isa = PBXGroup;
			children = (
				CD89E40528A55F880006159F /* challenge-d74 */,
				CD89E40428A55F880006159F /* Products */,
			);
			sourceTree = "<group>";
		};
		CD89E40428A55F880006159F /* Products */ = {
			isa = PBXGroup;
			children = (
				CD89E40328A55F880006159F /* challenge-d74.app */,
			);
			name = Products;
			sourceTree = "<group>";
		};
		CD89E40528A55F880006159F /* challenge-d74 */ = {
			isa = PBXGroup;
			children = (
				CD89E4F528B3A8A10006159F /* ViewControllers */,
				CD89E4F628B3A8BC0006159F /* Views */,
				CD89E4F828B3A9070006159F /* Models */,
				CD89E4F928B3A97A0006159F /* ViewModels */,
				CD89E4FB28B3A9E80006159F /* Middleware */,
				CD89E4FC28B3B3E80006159F /* Services */,
				CD89E40F28A55F890006159F /* Assets.xcassets */,
				CD89E40628A55F880006159F /* AppDelegate.swift */,
				CD89E40828A55F880006159F /* SceneDelegate.swift */,
				CD89E41128A55F890006159F /* LaunchScreen.storyboard */,
				CD89E41428A55F890006159F /* Info.plist */,
			);
			path = "challenge-d74";
			sourceTree = "<group>";
		};
		CD89E4F528B3A8A10006159F /* ViewControllers */ = {
			isa = PBXGroup;
			children = (
				CD89E40A28A55F880006159F /* NotesListViewController.swift */,
				CD89E4E428AFB5070006159F /* NewNoteViewController.swift */,
				CD89E4F228B39A690006159F /* EditNoteViewController.swift */,
			);
			path = ViewControllers;
			sourceTree = "<group>";
		};
		CD89E4F628B3A8BC0006159F /* Views */ = {
			isa = PBXGroup;
			children = (
				CD89E4E228AF84950006159F /* NoteTableViewCell.swift */,
				CD89E4EE28B37B120006159F /* NoteView.swift */,
				CD89E4F728B3A8E90006159F /* Delegates */,
			);
			path = Views;
			sourceTree = "<group>";
		};
		CD89E4F728B3A8E90006159F /* Delegates */ = {
			isa = PBXGroup;
			children = (
				CD89E4F028B3815B0006159F /* NoteViewDelegate.swift */,
			);
			path = Delegates;
			sourceTree = "<group>";
		};
		CD89E4F828B3A9070006159F /* Models */ = {
			isa = PBXGroup;
			children = (
				CD89E4D828AE9F0C0006159F /* Note.swift */,
			);
			path = Models;
			sourceTree = "<group>";
		};
		CD89E4F928B3A97A0006159F /* ViewModels */ = {
			isa = PBXGroup;
			children = (
				CD89E4FA28B3A98C0006159F /* Delegates */,
				CD89E4E828AFEBDE0006159F /* NoteViewModel.swift */,
				CD89E4EA28B367EE0006159F /* NotesViewModel.swift */,
			);
			path = ViewModels;
			sourceTree = "<group>";
		};
		CD89E4FA28B3A98C0006159F /* Delegates */ = {
			isa = PBXGroup;
			children = (
				CD89E4EC28B3696C0006159F /* NewNoteViewModelDelegate.swift */,
			);
			path = Delegates;
			sourceTree = "<group>";
		};
		CD89E4FB28B3A9E80006159F /* Middleware */ = {
			isa = PBXGroup;
			children = (
				CD89E4E028AEA2DA0006159F /* Observable.swift */,
				CD89E4FF28B3B5520006159F /* FileManager+Extension.swift */,
			);
			path = Middleware;
			sourceTree = "<group>";
		};
		CD89E4FC28B3B3E80006159F /* Services */ = {
			isa = PBXGroup;
			children = (
				CD89E4FD28B3B42C0006159F /* DataStorageManipulation.swift */,
			);
			path = Services;
			sourceTree = "<group>";
		};
/* End PBXGroup section */

/* Begin PBXNativeTarget section */
		CD89E40228A55F880006159F /* challenge-d74 */ = {
			isa = PBXNativeTarget;
			buildConfigurationList = CD89E41728A55F890006159F /* Build configuration list for PBXNativeTarget "challenge-d74" */;
			buildPhases = (
				CD89E3FF28A55F880006159F /* Sources */,
				CD89E40028A55F880006159F /* Frameworks */,
				CD89E40128A55F880006159F /* Resources */,
			);
			buildRules = (
			);
			dependencies = (
			);
			name = "challenge-d74";
			productName = "challenge-d74";
			productReference = CD89E40328A55F880006159F /* challenge-d74.app */;
			productType = "com.apple.product-type.application";
		};
/* End PBXNativeTarget section */

/* Begin PBXProject section */
		CD89E3FB28A55F880006159F /* Project object */ = {
			isa = PBXProject;
			attributes = {
				BuildIndependentTargetsInParallel = 1;
				LastSwiftUpdateCheck = 1330;
				LastUpgradeCheck = 1330;
				TargetAttributes = {
					CD89E40228A55F880006159F = {
						CreatedOnToolsVersion = 13.3.1;
					};
				};
			};
			buildConfigurationList = CD89E3FE28A55F880006159F /* Build configuration list for PBXProject "challenge-d74" */;
			compatibilityVersion = "Xcode 13.0";
			developmentRegion = en;
			hasScannedForEncodings = 0;
			knownRegions = (
				en,
				Base,
			);
			mainGroup = CD89E3FA28A55F880006159F;
			productRefGroup = CD89E40428A55F880006159F /* Products */;
			projectDirPath = "";
			projectRoot = "";
			targets = (
				CD89E40228A55F880006159F /* challenge-d74 */,
			);
		};
/* End PBXProject section */

/* Begin PBXResourcesBuildPhase section */
		CD89E40128A55F880006159F /* Resources */ = {
			isa = PBXResourcesBuildPhase;
			buildActionMask = 2147483647;
			files = (
				CD89E41328A55F890006159F /* LaunchScreen.storyboard in Resources */,
				CD89E41028A55F890006159F /* Assets.xcassets in Resources */,
			);
			runOnlyForDeploymentPostprocessing = 0;
		};
/* End PBXResourcesBuildPhase section */

/* Begin PBXSourcesBuildPhase section */
		CD89E3FF28A55F880006159F /* Sources */ = {
			isa = PBXSourcesBuildPhase;
			buildActionMask = 2147483647;
			files = (
				CD89E4F328B39A690006159F /* EditNoteViewController.swift in Sources */,
				CD89E4E128AEA2DB0006159F /* Observable.swift in Sources */,
				CD89E4F128B3815B0006159F /* NoteViewDelegate.swift in Sources */,
				CD89E40B28A55F880006159F /* NotesListViewController.swift in Sources */,
				CD89E4E528AFB5070006159F /* NewNoteViewController.swift in Sources */,
				CD89E4FE28B3B42C0006159F /* DataStorageManipulation.swift in Sources */,
				CD89E4ED28B3696C0006159F /* NewNoteViewModelDelegate.swift in Sources */,
				CD89E4EF28B37B120006159F /* NoteView.swift in Sources */,
				CD89E40728A55F880006159F /* AppDelegate.swift in Sources */,
				CD89E4E928AFEBDE0006159F /* NoteViewModel.swift in Sources */,
				CD89E4EB28B367EE0006159F /* NotesViewModel.swift in Sources */,
				CD89E50028B3B5520006159F /* FileManager+Extension.swift in Sources */,
				CD89E40928A55F880006159F /* SceneDelegate.swift in Sources */,
				CD89E4E328AF84950006159F /* NoteTableViewCell.swift in Sources */,
				CD89E4D928AE9F0C0006159F /* Note.swift in Sources */,
			);
			runOnlyForDeploymentPostprocessing = 0;
		};
/* End PBXSourcesBuildPhase section */

/* Begin PBXVariantGroup section */
		CD89E41128A55F890006159F /* LaunchScreen.storyboard */ = {
			isa = PBXVariantGroup;
			children = (
				CD89E41228A55F890006159F /* Base */,
			);
			name = LaunchScreen.storyboard;
			sourceTree = "<group>";
		};
/* End PBXVariantGroup section */

/* Begin XCBuildConfiguration section */
		CD89E41528A55F890006159F /* Debug */ = {
			isa = XCBuildConfiguration;
			buildSettings = {
				ALWAYS_SEARCH_USER_PATHS = NO;
				CLANG_ANALYZER_NONNULL = YES;
				CLANG_ANALYZER_NUMBER_OBJECT_CONVERSION = YES_AGGRESSIVE;
				CLANG_CXX_LANGUAGE_STANDARD = "gnu++17";
				CLANG_ENABLE_MODULES = YES;
				CLANG_ENABLE_OBJC_ARC = YES;
				CLANG_ENABLE_OBJC_WEAK = YES;
				CLANG_WARN_BLOCK_CAPTURE_AUTORELEASING = YES;
				CLANG_WARN_BOOL_CONVERSION = YES;
				CLANG_WARN_COMMA = YES;
				CLANG_WARN_CONSTANT_CONVERSION = YES;
				CLANG_WARN_DEPRECATED_OBJC_IMPLEMENTATIONS = YES;
				CLANG_WARN_DIRECT_OBJC_ISA_USAGE = YES_ERROR;
				CLANG_WARN_DOCUMENTATION_COMMENTS = YES;
				CLANG_WARN_EMPTY_BODY = YES;
				CLANG_WARN_ENUM_CONVERSION = YES;
				CLANG_WARN_INFINITE_RECURSION = YES;
				CLANG_WARN_INT_CONVERSION = YES;
				CLANG_WARN_NON_LITERAL_NULL_CONVERSION = YES;
				CLANG_WARN_OBJC_IMPLICIT_RETAIN_SELF = YES;
				CLANG_WARN_OBJC_LITERAL_CONVERSION = YES;
				CLANG_WARN_OBJC_ROOT_CLASS = YES_ERROR;
				CLANG_WARN_QUOTED_INCLUDE_IN_FRAMEWORK_HEADER = YES;
				CLANG_WARN_RANGE_LOOP_ANALYSIS = YES;
				CLANG_WARN_STRICT_PROTOTYPES = YES;
				CLANG_WARN_SUSPICIOUS_MOVE = YES;
				CLANG_WARN_UNGUARDED_AVAILABILITY = YES_AGGRESSIVE;
				CLANG_WARN_UNREACHABLE_CODE = YES;
				CLANG_WARN__DUPLICATE_METHOD_MATCH = YES;
				COPY_PHASE_STRIP = NO;
				DEBUG_INFORMATION_FORMAT = dwarf;
				ENABLE_STRICT_OBJC_MSGSEND = YES;
				ENABLE_TESTABILITY = YES;
				GCC_C_LANGUAGE_STANDARD = gnu11;
				GCC_DYNAMIC_NO_PIC = NO;
				GCC_NO_COMMON_BLOCKS = YES;
				GCC_OPTIMIZATION_LEVEL = 0;
				GCC_PREPROCESSOR_DEFINITIONS = (
					"DEBUG=1",
					"$(inherited)",
				);
				GCC_WARN_64_TO_32_BIT_CONVERSION = YES;
				GCC_WARN_ABOUT_RETURN_TYPE = YES_ERROR;
				GCC_WARN_UNDECLARED_SELECTOR = YES;
				GCC_WARN_UNINITIALIZED_AUTOS = YES_AGGRESSIVE;
				GCC_WARN_UNUSED_FUNCTION = YES;
				GCC_WARN_UNUSED_VARIABLE = YES;
				IPHONEOS_DEPLOYMENT_TARGET = 15.4;
				MTL_ENABLE_DEBUG_INFO = INCLUDE_SOURCE;
				MTL_FAST_MATH = YES;
				ONLY_ACTIVE_ARCH = YES;
				SDKROOT = iphoneos;
				SWIFT_ACTIVE_COMPILATION_CONDITIONS = DEBUG;
				SWIFT_OPTIMIZATION_LEVEL = "-Onone";
			};
			name = Debug;
		};
		CD89E41628A55F890006159F /* Release */ = {
			isa = XCBuildConfiguration;
			buildSettings = {
				ALWAYS_SEARCH_USER_PATHS = NO;
				CLANG_ANALYZER_NONNULL = YES;
				CLANG_ANALYZER_NUMBER_OBJECT_CONVERSION = YES_AGGRESSIVE;
				CLANG_CXX_LANGUAGE_STANDARD = "gnu++17";
				CLANG_ENABLE_MODULES = YES;
				CLANG_ENABLE_OBJC_ARC = YES;
				CLANG_ENABLE_OBJC_WEAK = YES;
				CLANG_WARN_BLOCK_CAPTURE_AUTORELEASING = YES;
				CLANG_WARN_BOOL_CONVERSION = YES;
				CLANG_WARN_COMMA = YES;
				CLANG_WARN_CONSTANT_CONVERSION = YES;
				CLANG_WARN_DEPRECATED_OBJC_IMPLEMENTATIONS = YES;
				CLANG_WARN_DIRECT_OBJC_ISA_USAGE = YES_ERROR;
				CLANG_WARN_DOCUMENTATION_COMMENTS = YES;
				CLANG_WARN_EMPTY_BODY = YES;
				CLANG_WARN_ENUM_CONVERSION = YES;
				CLANG_WARN_INFINITE_RECURSION = YES;
				CLANG_WARN_INT_CONVERSION = YES;
				CLANG_WARN_NON_LITERAL_NULL_CONVERSION = YES;
				CLANG_WARN_OBJC_IMPLICIT_RETAIN_SELF = YES;
				CLANG_WARN_OBJC_LITERAL_CONVERSION = YES;
				CLANG_WARN_OBJC_ROOT_CLASS = YES_ERROR;
				CLANG_WARN_QUOTED_INCLUDE_IN_FRAMEWORK_HEADER = YES;
				CLANG_WARN_RANGE_LOOP_ANALYSIS = YES;
				CLANG_WARN_STRICT_PROTOTYPES = YES;
				CLANG_WARN_SUSPICIOUS_MOVE = YES;
				CLANG_WARN_UNGUARDED_AVAILABILITY = YES_AGGRESSIVE;
				CLANG_WARN_UNREACHABLE_CODE = YES;
				CLANG_WARN__DUPLICATE_METHOD_MATCH = YES;
				COPY_PHASE_STRIP = NO;
				DEBUG_INFORMATION_FORMAT = "dwarf-with-dsym";
				ENABLE_NS_ASSERTIONS = NO;
				ENABLE_STRICT_OBJC_MSGSEND = YES;
				GCC_C_LANGUAGE_STANDARD = gnu11;
				GCC_NO_COMMON_BLOCKS = YES;
				GCC_WARN_64_TO_32_BIT_CONVERSION = YES;
				GCC_WARN_ABOUT_RETURN_TYPE = YES_ERROR;
				GCC_WARN_UNDECLARED_SELECTOR = YES;
				GCC_WARN_UNINITIALIZED_AUTOS = YES_AGGRESSIVE;
				GCC_WARN_UNUSED_FUNCTION = YES;
				GCC_WARN_UNUSED_VARIABLE = YES;
				IPHONEOS_DEPLOYMENT_TARGET = 15.4;
				MTL_ENABLE_DEBUG_INFO = NO;
				MTL_FAST_MATH = YES;
				SDKROOT = iphoneos;
				SWIFT_COMPILATION_MODE = wholemodule;
				SWIFT_OPTIMIZATION_LEVEL = "-O";
				VALIDATE_PRODUCT = YES;
			};
			name = Release;
		};
		CD89E41828A55F890006159F /* Debug */ = {
			isa = XCBuildConfiguration;
			buildSettings = {
				ASSETCATALOG_COMPILER_APPICON_NAME = AppIcon;
				ASSETCATALOG_COMPILER_GLOBAL_ACCENT_COLOR_NAME = AccentColor;
				CODE_SIGN_STYLE = Automatic;
				CURRENT_PROJECT_VERSION = 1;
				GENERATE_INFOPLIST_FILE = YES;
				INFOPLIST_FILE = "challenge-d74/Info.plist";
				INFOPLIST_KEY_UIApplicationSupportsIndirectInputEvents = YES;
				INFOPLIST_KEY_UILaunchStoryboardName = LaunchScreen;
				INFOPLIST_KEY_UISupportedInterfaceOrientations_iPad = "UIInterfaceOrientationPortrait UIInterfaceOrientationPortraitUpsideDown UIInterfaceOrientationLandscapeLeft UIInterfaceOrientationLandscapeRight";
				INFOPLIST_KEY_UISupportedInterfaceOrientations_iPhone = "UIInterfaceOrientationPortrait UIInterfaceOrientationLandscapeLeft UIInterfaceOrientationLandscapeRight";
				LD_RUNPATH_SEARCH_PATHS = (
					"$(inherited)",
					"@executable_path/Frameworks",
				);
				MARKETING_VERSION = 1.0;
				PRODUCT_BUNDLE_IDENTIFIER = "com.myorganization.challenge-d74";
				PRODUCT_NAME = "$(TARGET_NAME)";
				SWIFT_EMIT_LOC_STRINGS = YES;
				SWIFT_VERSION = 5.0;
				TARGETED_DEVICE_FAMILY = "1,2";
			};
			name = Debug;
		};
		CD89E41928A55F890006159F /* Release */ = {
			isa = XCBuildConfiguration;
			buildSettings = {
				ASSETCATALOG_COMPILER_APPICON_NAME = AppIcon;
				ASSETCATALOG_COMPILER_GLOBAL_ACCENT_COLOR_NAME = AccentColor;
				CODE_SIGN_STYLE = Automatic;
				CURRENT_PROJECT_VERSION = 1;
				GENERATE_INFOPLIST_FILE = YES;
				INFOPLIST_FILE = "challenge-d74/Info.plist";
				INFOPLIST_KEY_UIApplicationSupportsIndirectInputEvents = YES;
				INFOPLIST_KEY_UILaunchStoryboardName = LaunchScreen;
				INFOPLIST_KEY_UISupportedInterfaceOrientations_iPad = "UIInterfaceOrientationPortrait UIInterfaceOrientationPortraitUpsideDown UIInterfaceOrientationLandscapeLeft UIInterfaceOrientationLandscapeRight";
				INFOPLIST_KEY_UISupportedInterfaceOrientations_iPhone = "UIInterfaceOrientationPortrait UIInterfaceOrientationLandscapeLeft UIInterfaceOrientationLandscapeRight";
				LD_RUNPATH_SEARCH_PATHS = (
					"$(inherited)",
					"@executable_path/Frameworks",
				);
				MARKETING_VERSION = 1.0;
				PRODUCT_BUNDLE_IDENTIFIER = "com.myorganization.challenge-d74";
				PRODUCT_NAME = "$(TARGET_NAME)";
				SWIFT_EMIT_LOC_STRINGS = YES;
				SWIFT_VERSION = 5.0;
				TARGETED_DEVICE_FAMILY = "1,2";
			};
			name = Release;
		};
/* End XCBuildConfiguration section */

/* Begin XCConfigurationList section */
		CD89E3FE28A55F880006159F /* Build configuration list for PBXProject "challenge-d74" */ = {
			isa = XCConfigurationList;
			buildConfigurations = (
				CD89E41528A55F890006159F /* Debug */,
				CD89E41628A55F890006159F /* Release */,
			);
			defaultConfigurationIsVisible = 0;
			defaultConfigurationName = Release;
		};
		CD89E41728A55F890006159F /* Build configuration list for PBXNativeTarget "challenge-d74" */ = {
			isa = XCConfigurationList;
			buildConfigurations = (
				CD89E41828A55F890006159F /* Debug */,
				CD89E41928A55F890006159F /* Release */,
			);
			defaultConfigurationIsVisible = 0;
			defaultConfigurationName = Release;
		};
/* End XCConfigurationList section */
	};
	rootObject = CD89E3FB28A55F880006159F /* Project object */;
}
